// !$*UTF8*$!
{
	archiveVersion = 1;
	classes = {
	};
	objectVersion = 51;
	objects = {

/* Begin PBXBuildFile section */
		380D7CB752563097E815F816 /* Pods_Reserva.framework in Frameworks */ = {isa = PBXBuildFile; fileRef = 2985C2E98E90C2C074981F35 /* Pods_Reserva.framework */; };
		89445C8624B471D3006E956D /* ExtraSettingsTableViewController.swift in Sources */ = {isa = PBXBuildFile; fileRef = 89445C8524B471D3006E956D /* ExtraSettingsTableViewController.swift */; };
		896FF40424CB06C500ECEAC7 /* GoogleService-Info.plist in Resources */ = {isa = PBXBuildFile; fileRef = 896FF40324CB06C400ECEAC7 /* GoogleService-Info.plist */; };
		897E2B5124B1BC19000903A8 /* GetLocationViewController.swift in Sources */ = {isa = PBXBuildFile; fileRef = 897E2B5024B1BC19000903A8 /* GetLocationViewController.swift */; };
		897E2B5324B1C84C000903A8 /* TabBarViewController.swift in Sources */ = {isa = PBXBuildFile; fileRef = 897E2B5224B1C84C000903A8 /* TabBarViewController.swift */; };
		899D7AFE24B2043500D473F8 /* ChooseLocationViewController.swift in Sources */ = {isa = PBXBuildFile; fileRef = 899D7AFD24B2043500D473F8 /* ChooseLocationViewController.swift */; };
		899D7B0024B223DE00D473F8 /* UpcomingEventsViewController.swift in Sources */ = {isa = PBXBuildFile; fileRef = 899D7AFF24B223DE00D473F8 /* UpcomingEventsViewController.swift */; };
		899D7B0224B2244500D473F8 /* EventsTableViewController.swift in Sources */ = {isa = PBXBuildFile; fileRef = 899D7B0124B2244500D473F8 /* EventsTableViewController.swift */; };
		899D7B0424B2245700D473F8 /* SearchTableViewController.swift in Sources */ = {isa = PBXBuildFile; fileRef = 899D7B0324B2245700D473F8 /* SearchTableViewController.swift */; };
		899D7B0624B2246300D473F8 /* SettingsTableViewController.swift in Sources */ = {isa = PBXBuildFile; fileRef = 899D7B0524B2246300D473F8 /* SettingsTableViewController.swift */; };
		899D7B0824B2246F00D473F8 /* EventInfoViewController.swift in Sources */ = {isa = PBXBuildFile; fileRef = 899D7B0724B2246F00D473F8 /* EventInfoViewController.swift */; };
		899D7B0A24B2248D00D473F8 /* EventRatingsViewController.swift in Sources */ = {isa = PBXBuildFile; fileRef = 899D7B0924B2248D00D473F8 /* EventRatingsViewController.swift */; };
		89DA116824AF6C0400496F3C /* AppDelegate.swift in Sources */ = {isa = PBXBuildFile; fileRef = 89DA116724AF6C0400496F3C /* AppDelegate.swift */; };
		89DA116A24AF6C0400496F3C /* SceneDelegate.swift in Sources */ = {isa = PBXBuildFile; fileRef = 89DA116924AF6C0400496F3C /* SceneDelegate.swift */; };
		89DA116C24AF6C0400496F3C /* WelcomeViewController.swift in Sources */ = {isa = PBXBuildFile; fileRef = 89DA116B24AF6C0400496F3C /* WelcomeViewController.swift */; };
		89DA116F24AF6C0400496F3C /* Main.storyboard in Resources */ = {isa = PBXBuildFile; fileRef = 89DA116D24AF6C0400496F3C /* Main.storyboard */; };
		89DA117124AF6C0900496F3C /* Assets.xcassets in Resources */ = {isa = PBXBuildFile; fileRef = 89DA117024AF6C0900496F3C /* Assets.xcassets */; };
		89DA117424AF6C0900496F3C /* LaunchScreen.storyboard in Resources */ = {isa = PBXBuildFile; fileRef = 89DA117224AF6C0900496F3C /* LaunchScreen.storyboard */; };
		89DA117C24AF713400496F3C /* SignInViewController.swift in Sources */ = {isa = PBXBuildFile; fileRef = 89DA117B24AF713400496F3C /* SignInViewController.swift */; };
		89DA117E24AF715000496F3C /* SignUpViewController.swift in Sources */ = {isa = PBXBuildFile; fileRef = 89DA117D24AF715000496F3C /* SignUpViewController.swift */; };
		A843499024D6D5D900EFAA32 /* HomeTableViewCell.swift in Sources */ = {isa = PBXBuildFile; fileRef = A843498F24D6D5D900EFAA32 /* HomeTableViewCell.swift */; };
		A843499224D6D5E000EFAA32 /* SearchTableViewCell.swift in Sources */ = {isa = PBXBuildFile; fileRef = A843499124D6D5E000EFAA32 /* SearchTableViewCell.swift */; };
		A8A85C6D24E0075300D4178A /* SearchInDepthViewController.swift in Sources */ = {isa = PBXBuildFile; fileRef = A8A85C6C24E0075300D4178A /* SearchInDepthViewController.swift */; };
		A8B10A1024E695C40040DAC8 /* SettingsTableViewCell.swift in Sources */ = {isa = PBXBuildFile; fileRef = A8B10A0F24E695C40040DAC8 /* SettingsTableViewCell.swift */; };
		B41BA09A24B352DC00054B46 /* Data.swift in Sources */ = {isa = PBXBuildFile; fileRef = B41BA09924B352DC00054B46 /* Data.swift */; };
		B481F3E024B2E1C000CCEC12 /* LocationViewController.swift in Sources */ = {isa = PBXBuildFile; fileRef = B481F3DF24B2E1C000CCEC12 /* LocationViewController.swift */; };
		B4CAE48324B9589700FFC703 /* HomeViewController.swift in Sources */ = {isa = PBXBuildFile; fileRef = B4CAE48224B9589700FFC703 /* HomeViewController.swift */; };
		B4CAE48524B959F400FFC703 /* BrowseViewController.swift in Sources */ = {isa = PBXBuildFile; fileRef = B4CAE48424B959F400FFC703 /* BrowseViewController.swift */; };
/* End PBXBuildFile section */

/* Begin PBXFileReference section */
		2985C2E98E90C2C074981F35 /* Pods_Reserva.framework */ = {isa = PBXFileReference; explicitFileType = wrapper.framework; includeInIndex = 0; path = Pods_Reserva.framework; sourceTree = BUILT_PRODUCTS_DIR; };
		2F4774D059CB2A73444FE904 /* Pods-Reserva.debug.xcconfig */ = {isa = PBXFileReference; includeInIndex = 1; lastKnownFileType = text.xcconfig; name = "Pods-Reserva.debug.xcconfig"; path = "Target Support Files/Pods-Reserva/Pods-Reserva.debug.xcconfig"; sourceTree = "<group>"; };
		3255811C51619E8ABFDEA2D3 /* Pods-Reserva.release.xcconfig */ = {isa = PBXFileReference; includeInIndex = 1; lastKnownFileType = text.xcconfig; name = "Pods-Reserva.release.xcconfig"; path = "Target Support Files/Pods-Reserva/Pods-Reserva.release.xcconfig"; sourceTree = "<group>"; };
		89445C8524B471D3006E956D /* ExtraSettingsTableViewController.swift */ = {isa = PBXFileReference; lastKnownFileType = sourcecode.swift; path = ExtraSettingsTableViewController.swift; sourceTree = "<group>"; };
		896FF40324CB06C400ECEAC7 /* GoogleService-Info.plist */ = {isa = PBXFileReference; fileEncoding = 4; lastKnownFileType = text.plist.xml; path = "GoogleService-Info.plist"; sourceTree = "<group>"; };
		897E2B5024B1BC19000903A8 /* GetLocationViewController.swift */ = {isa = PBXFileReference; lastKnownFileType = sourcecode.swift; path = GetLocationViewController.swift; sourceTree = "<group>"; };
		897E2B5224B1C84C000903A8 /* TabBarViewController.swift */ = {isa = PBXFileReference; lastKnownFileType = sourcecode.swift; path = TabBarViewController.swift; sourceTree = "<group>"; };
		899D7AFD24B2043500D473F8 /* ChooseLocationViewController.swift */ = {isa = PBXFileReference; lastKnownFileType = sourcecode.swift; path = ChooseLocationViewController.swift; sourceTree = "<group>"; };
		899D7AFF24B223DE00D473F8 /* UpcomingEventsViewController.swift */ = {isa = PBXFileReference; lastKnownFileType = sourcecode.swift; path = UpcomingEventsViewController.swift; sourceTree = "<group>"; };
		899D7B0124B2244500D473F8 /* EventsTableViewController.swift */ = {isa = PBXFileReference; lastKnownFileType = sourcecode.swift; path = EventsTableViewController.swift; sourceTree = "<group>"; };
		899D7B0324B2245700D473F8 /* SearchTableViewController.swift */ = {isa = PBXFileReference; lastKnownFileType = sourcecode.swift; path = SearchTableViewController.swift; sourceTree = "<group>"; };
		899D7B0524B2246300D473F8 /* SettingsTableViewController.swift */ = {isa = PBXFileReference; lastKnownFileType = sourcecode.swift; path = SettingsTableViewController.swift; sourceTree = "<group>"; };
		899D7B0724B2246F00D473F8 /* EventInfoViewController.swift */ = {isa = PBXFileReference; lastKnownFileType = sourcecode.swift; path = EventInfoViewController.swift; sourceTree = "<group>"; };
		899D7B0924B2248D00D473F8 /* EventRatingsViewController.swift */ = {isa = PBXFileReference; lastKnownFileType = sourcecode.swift; path = EventRatingsViewController.swift; sourceTree = "<group>"; };
		89DA116424AF6C0400496F3C /* Reserva.app */ = {isa = PBXFileReference; explicitFileType = wrapper.application; includeInIndex = 0; path = Reserva.app; sourceTree = BUILT_PRODUCTS_DIR; };
		89DA116724AF6C0400496F3C /* AppDelegate.swift */ = {isa = PBXFileReference; lastKnownFileType = sourcecode.swift; path = AppDelegate.swift; sourceTree = "<group>"; };
		89DA116924AF6C0400496F3C /* SceneDelegate.swift */ = {isa = PBXFileReference; lastKnownFileType = sourcecode.swift; path = SceneDelegate.swift; sourceTree = "<group>"; };
		89DA116B24AF6C0400496F3C /* WelcomeViewController.swift */ = {isa = PBXFileReference; lastKnownFileType = sourcecode.swift; path = WelcomeViewController.swift; sourceTree = "<group>"; };
		89DA116E24AF6C0400496F3C /* Base */ = {isa = PBXFileReference; lastKnownFileType = file.storyboard; name = Base; path = Base.lproj/Main.storyboard; sourceTree = "<group>"; };
		89DA117024AF6C0900496F3C /* Assets.xcassets */ = {isa = PBXFileReference; lastKnownFileType = folder.assetcatalog; path = Assets.xcassets; sourceTree = "<group>"; };
		89DA117324AF6C0900496F3C /* Base */ = {isa = PBXFileReference; lastKnownFileType = file.storyboard; name = Base; path = Base.lproj/LaunchScreen.storyboard; sourceTree = "<group>"; };
		89DA117524AF6C0900496F3C /* Info.plist */ = {isa = PBXFileReference; lastKnownFileType = text.plist.xml; path = Info.plist; sourceTree = "<group>"; };
		89DA117B24AF713400496F3C /* SignInViewController.swift */ = {isa = PBXFileReference; lastKnownFileType = sourcecode.swift; path = SignInViewController.swift; sourceTree = "<group>"; };
		89DA117D24AF715000496F3C /* SignUpViewController.swift */ = {isa = PBXFileReference; lastKnownFileType = sourcecode.swift; path = SignUpViewController.swift; sourceTree = "<group>"; };
		A843498F24D6D5D900EFAA32 /* HomeTableViewCell.swift */ = {isa = PBXFileReference; lastKnownFileType = sourcecode.swift; path = HomeTableViewCell.swift; sourceTree = "<group>"; };
		A843499124D6D5E000EFAA32 /* SearchTableViewCell.swift */ = {isa = PBXFileReference; lastKnownFileType = sourcecode.swift; path = SearchTableViewCell.swift; sourceTree = "<group>"; };
		A8A85C6C24E0075300D4178A /* SearchInDepthViewController.swift */ = {isa = PBXFileReference; lastKnownFileType = sourcecode.swift; path = SearchInDepthViewController.swift; sourceTree = "<group>"; };
		A8B10A0F24E695C40040DAC8 /* SettingsTableViewCell.swift */ = {isa = PBXFileReference; lastKnownFileType = sourcecode.swift; path = SettingsTableViewCell.swift; sourceTree = "<group>"; };
		B41BA09924B352DC00054B46 /* Data.swift */ = {isa = PBXFileReference; lastKnownFileType = sourcecode.swift; path = Data.swift; sourceTree = "<group>"; };
		B481F3DF24B2E1C000CCEC12 /* LocationViewController.swift */ = {isa = PBXFileReference; lastKnownFileType = sourcecode.swift; path = LocationViewController.swift; sourceTree = "<group>"; };
		B4CAE48224B9589700FFC703 /* HomeViewController.swift */ = {isa = PBXFileReference; lastKnownFileType = sourcecode.swift; path = HomeViewController.swift; sourceTree = "<group>"; };
		B4CAE48424B959F400FFC703 /* BrowseViewController.swift */ = {isa = PBXFileReference; lastKnownFileType = sourcecode.swift; path = BrowseViewController.swift; sourceTree = "<group>"; };
/* End PBXFileReference section */

/* Begin PBXFrameworksBuildPhase section */
		89DA116124AF6C0400496F3C /* Frameworks */ = {
			isa = PBXFrameworksBuildPhase;
			buildActionMask = 2147483647;
			files = (
				380D7CB752563097E815F816 /* Pods_Reserva.framework in Frameworks */,
			);
			runOnlyForDeploymentPostprocessing = 0;
		};
/* End PBXFrameworksBuildPhase section */

/* Begin PBXGroup section */
		40F65CA6527AD332CA3E8676 /* Pods */ = {
			isa = PBXGroup;
			children = (
				2F4774D059CB2A73444FE904 /* Pods-Reserva.debug.xcconfig */,
				3255811C51619E8ABFDEA2D3 /* Pods-Reserva.release.xcconfig */,
			);
			path = Pods;
			sourceTree = "<group>";
		};
		5441031B51414FA5798B04CE /* Frameworks */ = {
			isa = PBXGroup;
			children = (
				2985C2E98E90C2C074981F35 /* Pods_Reserva.framework */,
			);
			name = Frameworks;
			sourceTree = "<group>";
		};
		89DA115B24AF6C0400496F3C = {
			isa = PBXGroup;
			children = (
				89DA116624AF6C0400496F3C /* Reserva */,
				89DA116524AF6C0400496F3C /* Products */,
				40F65CA6527AD332CA3E8676 /* Pods */,
				5441031B51414FA5798B04CE /* Frameworks */,
			);
			sourceTree = "<group>";
		};
		89DA116524AF6C0400496F3C /* Products */ = {
			isa = PBXGroup;
			children = (
				89DA116424AF6C0400496F3C /* Reserva.app */,
			);
			name = Products;
			sourceTree = "<group>";
		};
		89DA116624AF6C0400496F3C /* Reserva */ = {
			isa = PBXGroup;
			children = (
				89DA116B24AF6C0400496F3C /* WelcomeViewController.swift */,
				B481F3DF24B2E1C000CCEC12 /* LocationViewController.swift */,
				89DA117B24AF713400496F3C /* SignInViewController.swift */,
				89DA117D24AF715000496F3C /* SignUpViewController.swift */,
				897E2B5024B1BC19000903A8 /* GetLocationViewController.swift */,
				897E2B5224B1C84C000903A8 /* TabBarViewController.swift */,
				899D7AFD24B2043500D473F8 /* ChooseLocationViewController.swift */,
				899D7AFF24B223DE00D473F8 /* UpcomingEventsViewController.swift */,
				899D7B0124B2244500D473F8 /* EventsTableViewController.swift */,
				899D7B0324B2245700D473F8 /* SearchTableViewController.swift */,
				A8A85C6C24E0075300D4178A /* SearchInDepthViewController.swift */,
				899D7B0524B2246300D473F8 /* SettingsTableViewController.swift */,
				89445C8524B471D3006E956D /* ExtraSettingsTableViewController.swift */,
				899D7B0724B2246F00D473F8 /* EventInfoViewController.swift */,
				899D7B0924B2248D00D473F8 /* EventRatingsViewController.swift */,
				B4CAE48424B959F400FFC703 /* BrowseViewController.swift */,
				B4CAE48224B9589700FFC703 /* HomeViewController.swift */,
				B41BA09924B352DC00054B46 /* Data.swift */,
				89DA116724AF6C0400496F3C /* AppDelegate.swift */,
				89DA116924AF6C0400496F3C /* SceneDelegate.swift */,
				89DA117024AF6C0900496F3C /* Assets.xcassets */,
				89DA117224AF6C0900496F3C /* LaunchScreen.storyboard */,
				89DA116D24AF6C0400496F3C /* Main.storyboard */,
				89DA117524AF6C0900496F3C /* Info.plist */,
				896FF40324CB06C400ECEAC7 /* GoogleService-Info.plist */,
				A843498F24D6D5D900EFAA32 /* HomeTableViewCell.swift */,
				A843499124D6D5E000EFAA32 /* SearchTableViewCell.swift */,
				A8B10A0F24E695C40040DAC8 /* SettingsTableViewCell.swift */,
			);
			path = Reserva;
			sourceTree = "<group>";
		};
/* End PBXGroup section */

/* Begin PBXNativeTarget section */
		89DA116324AF6C0400496F3C /* Reserva */ = {
			isa = PBXNativeTarget;
			buildConfigurationList = 89DA117824AF6C0900496F3C /* Build configuration list for PBXNativeTarget "Reserva" */;
			buildPhases = (
				727278E6CEA79150A845E892 /* [CP] Check Pods Manifest.lock */,
				89DA116024AF6C0400496F3C /* Sources */,
				89DA116124AF6C0400496F3C /* Frameworks */,
				89DA116224AF6C0400496F3C /* Resources */,
				BC8F8CFBB6B15BED201264F0 /* [CP] Embed Pods Frameworks */,
			);
			buildRules = (
			);
			dependencies = (
			);
			name = Reserva;
			productName = Reserva;
			productReference = 89DA116424AF6C0400496F3C /* Reserva.app */;
			productType = "com.apple.product-type.application";
		};
/* End PBXNativeTarget section */

/* Begin PBXProject section */
		89DA115C24AF6C0400496F3C /* Project object */ = {
			isa = PBXProject;
			attributes = {
				LastSwiftUpdateCheck = 1150;
				LastUpgradeCheck = 1150;
				ORGANIZATIONNAME = "Pascal Inc.";
				TargetAttributes = {
					89DA116324AF6C0400496F3C = {
						CreatedOnToolsVersion = 11.5;
					};
				};
			};
			buildConfigurationList = 89DA115F24AF6C0400496F3C /* Build configuration list for PBXProject "Reserva" */;
			compatibilityVersion = "Xcode 9.3";
			developmentRegion = en;
			hasScannedForEncodings = 0;
			knownRegions = (
				en,
				Base,
			);
			mainGroup = 89DA115B24AF6C0400496F3C;
			productRefGroup = 89DA116524AF6C0400496F3C /* Products */;
			projectDirPath = "";
			projectRoot = "";
			targets = (
				89DA116324AF6C0400496F3C /* Reserva */,
			);
		};
/* End PBXProject section */

/* Begin PBXResourcesBuildPhase section */
		89DA116224AF6C0400496F3C /* Resources */ = {
			isa = PBXResourcesBuildPhase;
			buildActionMask = 2147483647;
			files = (
				89DA117424AF6C0900496F3C /* LaunchScreen.storyboard in Resources */,
				896FF40424CB06C500ECEAC7 /* GoogleService-Info.plist in Resources */,
				89DA117124AF6C0900496F3C /* Assets.xcassets in Resources */,
				89DA116F24AF6C0400496F3C /* Main.storyboard in Resources */,
			);
			runOnlyForDeploymentPostprocessing = 0;
		};
/* End PBXResourcesBuildPhase section */

/* Begin PBXShellScriptBuildPhase section */
		727278E6CEA79150A845E892 /* [CP] Check Pods Manifest.lock */ = {
			isa = PBXShellScriptBuildPhase;
			buildActionMask = 2147483647;
			files = (
			);
			inputFileListPaths = (
			);
			inputPaths = (
				"${PODS_PODFILE_DIR_PATH}/Podfile.lock",
				"${PODS_ROOT}/Manifest.lock",
			);
			name = "[CP] Check Pods Manifest.lock";
			outputFileListPaths = (
			);
			outputPaths = (
				"$(DERIVED_FILE_DIR)/Pods-Reserva-checkManifestLockResult.txt",
			);
			runOnlyForDeploymentPostprocessing = 0;
			shellPath = /bin/sh;
			shellScript = "diff \"${PODS_PODFILE_DIR_PATH}/Podfile.lock\" \"${PODS_ROOT}/Manifest.lock\" > /dev/null\nif [ $? != 0 ] ; then\n    # print error to STDERR\n    echo \"error: The sandbox is not in sync with the Podfile.lock. Run 'pod install' or update your CocoaPods installation.\" >&2\n    exit 1\nfi\n# This output is used by Xcode 'outputs' to avoid re-running this script phase.\necho \"SUCCESS\" > \"${SCRIPT_OUTPUT_FILE_0}\"\n";
			showEnvVarsInLog = 0;
		};
		BC8F8CFBB6B15BED201264F0 /* [CP] Embed Pods Frameworks */ = {
			isa = PBXShellScriptBuildPhase;
			buildActionMask = 2147483647;
			files = (
			);
			inputFileListPaths = (
				"${PODS_ROOT}/Target Support Files/Pods-Reserva/Pods-Reserva-frameworks-${CONFIGURATION}-input-files.xcfilelist",
			);
			name = "[CP] Embed Pods Frameworks";
			outputFileListPaths = (
				"${PODS_ROOT}/Target Support Files/Pods-Reserva/Pods-Reserva-frameworks-${CONFIGURATION}-output-files.xcfilelist",
			);
			runOnlyForDeploymentPostprocessing = 0;
			shellPath = /bin/sh;
			shellScript = "\"${PODS_ROOT}/Target Support Files/Pods-Reserva/Pods-Reserva-frameworks.sh\"\n";
			showEnvVarsInLog = 0;
		};
/* End PBXShellScriptBuildPhase section */

/* Begin PBXSourcesBuildPhase section */
		89DA116024AF6C0400496F3C /* Sources */ = {
			isa = PBXSourcesBuildPhase;
			buildActionMask = 2147483647;
			files = (
				B481F3E024B2E1C000CCEC12 /* LocationViewController.swift in Sources */,
				A8A85C6D24E0075300D4178A /* SearchInDepthViewController.swift in Sources */,
				897E2B5324B1C84C000903A8 /* TabBarViewController.swift in Sources */,
				897E2B5124B1BC19000903A8 /* GetLocationViewController.swift in Sources */,
				899D7B0A24B2248D00D473F8 /* EventRatingsViewController.swift in Sources */,
				89DA117C24AF713400496F3C /* SignInViewController.swift in Sources */,
				B4CAE48324B9589700FFC703 /* HomeViewController.swift in Sources */,
				A843499224D6D5E000EFAA32 /* SearchTableViewCell.swift in Sources */,
				A843499024D6D5D900EFAA32 /* HomeTableViewCell.swift in Sources */,
				89DA116C24AF6C0400496F3C /* WelcomeViewController.swift in Sources */,
				89DA116824AF6C0400496F3C /* AppDelegate.swift in Sources */,
				89DA116A24AF6C0400496F3C /* SceneDelegate.swift in Sources */,
				899D7AFE24B2043500D473F8 /* ChooseLocationViewController.swift in Sources */,
				89445C8624B471D3006E956D /* ExtraSettingsTableViewController.swift in Sources */,
				899D7B0024B223DE00D473F8 /* UpcomingEventsViewController.swift in Sources */,
				B4CAE48524B959F400FFC703 /* BrowseViewController.swift in Sources */,
				899D7B0624B2246300D473F8 /* SettingsTableViewController.swift in Sources */,
				899D7B0824B2246F00D473F8 /* EventInfoViewController.swift in Sources */,
				899D7B0424B2245700D473F8 /* SearchTableViewController.swift in Sources */,
				899D7B0224B2244500D473F8 /* EventsTableViewController.swift in Sources */,
				A8B10A1024E695C40040DAC8 /* SettingsTableViewCell.swift in Sources */,
				89DA117E24AF715000496F3C /* SignUpViewController.swift in Sources */,
				B41BA09A24B352DC00054B46 /* Data.swift in Sources */,
			);
			runOnlyForDeploymentPostprocessing = 0;
		};
/* End PBXSourcesBuildPhase section */

/* Begin PBXVariantGroup section */
		89DA116D24AF6C0400496F3C /* Main.storyboard */ = {
			isa = PBXVariantGroup;
			children = (
				89DA116E24AF6C0400496F3C /* Base */,
			);
			name = Main.storyboard;
			sourceTree = "<group>";
		};
		89DA117224AF6C0900496F3C /* LaunchScreen.storyboard */ = {
			isa = PBXVariantGroup;
			children = (
				89DA117324AF6C0900496F3C /* Base */,
			);
			name = LaunchScreen.storyboard;
			sourceTree = "<group>";
		};
/* End PBXVariantGroup section */

/* Begin XCBuildConfiguration section */
		89DA117624AF6C0900496F3C /* Debug */ = {
			isa = XCBuildConfiguration;
			buildSettings = {
				ALWAYS_SEARCH_USER_PATHS = NO;
				CLANG_ANALYZER_NONNULL = YES;
				CLANG_ANALYZER_NUMBER_OBJECT_CONVERSION = YES_AGGRESSIVE;
				CLANG_CXX_LANGUAGE_STANDARD = "gnu++14";
				CLANG_CXX_LIBRARY = "libc++";
				CLANG_ENABLE_MODULES = YES;
				CLANG_ENABLE_OBJC_ARC = YES;
				CLANG_ENABLE_OBJC_WEAK = YES;
				CLANG_WARN_BLOCK_CAPTURE_AUTORELEASING = YES;
				CLANG_WARN_BOOL_CONVERSION = YES;
				CLANG_WARN_COMMA = YES;
				CLANG_WARN_CONSTANT_CONVERSION = YES;
				CLANG_WARN_DEPRECATED_OBJC_IMPLEMENTATIONS = YES;
				CLANG_WARN_DIRECT_OBJC_ISA_USAGE = YES_ERROR;
				CLANG_WARN_DOCUMENTATION_COMMENTS = YES;
				CLANG_WARN_EMPTY_BODY = YES;
				CLANG_WARN_ENUM_CONVERSION = YES;
				CLANG_WARN_INFINITE_RECURSION = YES;
				CLANG_WARN_INT_CONVERSION = YES;
				CLANG_WARN_NON_LITERAL_NULL_CONVERSION = YES;
				CLANG_WARN_OBJC_IMPLICIT_RETAIN_SELF = YES;
				CLANG_WARN_OBJC_LITERAL_CONVERSION = YES;
				CLANG_WARN_OBJC_ROOT_CLASS = YES_ERROR;
				CLANG_WARN_RANGE_LOOP_ANALYSIS = YES;
				CLANG_WARN_STRICT_PROTOTYPES = YES;
				CLANG_WARN_SUSPICIOUS_MOVE = YES;
				CLANG_WARN_UNGUARDED_AVAILABILITY = YES_AGGRESSIVE;
				CLANG_WARN_UNREACHABLE_CODE = YES;
				CLANG_WARN__DUPLICATE_METHOD_MATCH = YES;
				COPY_PHASE_STRIP = NO;
				DEBUG_INFORMATION_FORMAT = dwarf;
				ENABLE_STRICT_OBJC_MSGSEND = YES;
				ENABLE_TESTABILITY = YES;
				GCC_C_LANGUAGE_STANDARD = gnu11;
				GCC_DYNAMIC_NO_PIC = NO;
				GCC_NO_COMMON_BLOCKS = YES;
				GCC_OPTIMIZATION_LEVEL = 0;
				GCC_PREPROCESSOR_DEFINITIONS = (
					"DEBUG=1",
					"$(inherited)",
				);
				GCC_WARN_64_TO_32_BIT_CONVERSION = YES;
				GCC_WARN_ABOUT_RETURN_TYPE = YES_ERROR;
				GCC_WARN_UNDECLARED_SELECTOR = YES;
				GCC_WARN_UNINITIALIZED_AUTOS = YES_AGGRESSIVE;
				GCC_WARN_UNUSED_FUNCTION = YES;
				GCC_WARN_UNUSED_VARIABLE = YES;
				IPHONEOS_DEPLOYMENT_TARGET = 13.5;
				MTL_ENABLE_DEBUG_INFO = INCLUDE_SOURCE;
				MTL_FAST_MATH = YES;
				ONLY_ACTIVE_ARCH = YES;
				SDKROOT = iphoneos;
				SWIFT_ACTIVE_COMPILATION_CONDITIONS = DEBUG;
				SWIFT_OPTIMIZATION_LEVEL = "-Onone";
			};
			name = Debug;
		};
		89DA117724AF6C0900496F3C /* Release */ = {
			isa = XCBuildConfiguration;
			buildSettings = {
				ALWAYS_SEARCH_USER_PATHS = NO;
				CLANG_ANALYZER_NONNULL = YES;
				CLANG_ANALYZER_NUMBER_OBJECT_CONVERSION = YES_AGGRESSIVE;
				CLANG_CXX_LANGUAGE_STANDARD = "gnu++14";
				CLANG_CXX_LIBRARY = "libc++";
				CLANG_ENABLE_MODULES = YES;
				CLANG_ENABLE_OBJC_ARC = YES;
				CLANG_ENABLE_OBJC_WEAK = YES;
				CLANG_WARN_BLOCK_CAPTURE_AUTORELEASING = YES;
				CLANG_WARN_BOOL_CONVERSION = YES;
				CLANG_WARN_COMMA = YES;
				CLANG_WARN_CONSTANT_CONVERSION = YES;
				CLANG_WARN_DEPRECATED_OBJC_IMPLEMENTATIONS = YES;
				CLANG_WARN_DIRECT_OBJC_ISA_USAGE = YES_ERROR;
				CLANG_WARN_DOCUMENTATION_COMMENTS = YES;
				CLANG_WARN_EMPTY_BODY = YES;
				CLANG_WARN_ENUM_CONVERSION = YES;
				CLANG_WARN_INFINITE_RECURSION = YES;
				CLANG_WARN_INT_CONVERSION = YES;
				CLANG_WARN_NON_LITERAL_NULL_CONVERSION = YES;
				CLANG_WARN_OBJC_IMPLICIT_RETAIN_SELF = YES;
				CLANG_WARN_OBJC_LITERAL_CONVERSION = YES;
				CLANG_WARN_OBJC_ROOT_CLASS = YES_ERROR;
				CLANG_WARN_RANGE_LOOP_ANALYSIS = YES;
				CLANG_WARN_STRICT_PROTOTYPES = YES;
				CLANG_WARN_SUSPICIOUS_MOVE = YES;
				CLANG_WARN_UNGUARDED_AVAILABILITY = YES_AGGRESSIVE;
				CLANG_WARN_UNREACHABLE_CODE = YES;
				CLANG_WARN__DUPLICATE_METHOD_MATCH = YES;
				COPY_PHASE_STRIP = NO;
				DEBUG_INFORMATION_FORMAT = "dwarf-with-dsym";
				ENABLE_NS_ASSERTIONS = NO;
				ENABLE_STRICT_OBJC_MSGSEND = YES;
				GCC_C_LANGUAGE_STANDARD = gnu11;
				GCC_NO_COMMON_BLOCKS = YES;
				GCC_WARN_64_TO_32_BIT_CONVERSION = YES;
				GCC_WARN_ABOUT_RETURN_TYPE = YES_ERROR;
				GCC_WARN_UNDECLARED_SELECTOR = YES;
				GCC_WARN_UNINITIALIZED_AUTOS = YES_AGGRESSIVE;
				GCC_WARN_UNUSED_FUNCTION = YES;
				GCC_WARN_UNUSED_VARIABLE = YES;
				IPHONEOS_DEPLOYMENT_TARGET = 13.5;
				MTL_ENABLE_DEBUG_INFO = NO;
				MTL_FAST_MATH = YES;
				SDKROOT = iphoneos;
				SWIFT_COMPILATION_MODE = wholemodule;
				SWIFT_OPTIMIZATION_LEVEL = "-O";
				VALIDATE_PRODUCT = YES;
			};
			name = Release;
		};
		89DA117924AF6C0900496F3C /* Debug */ = {
			isa = XCBuildConfiguration;
			baseConfigurationReference = 2F4774D059CB2A73444FE904 /* Pods-Reserva.debug.xcconfig */;
			buildSettings = {
				ASSETCATALOG_COMPILER_APPICON_NAME = AppIcon;
				CODE_SIGN_STYLE = Automatic;
				FRAMEWORK_SEARCH_PATHS = (
					"$(inherited)",
					"$(PROJECT_DIR)/Reserva",
				);
				INFOPLIST_FILE = Reserva/Info.plist;
				LD_RUNPATH_SEARCH_PATHS = (
					"$(inherited)",
					"@executable_path/Frameworks",
				);
				PRODUCT_BUNDLE_IDENTIFIER = "org.pascalinc.Reserva-iOS";
				PRODUCT_NAME = "$(TARGET_NAME)";
				SWIFT_VERSION = 5.0;
				TARGETED_DEVICE_FAMILY = "1,2";
			};
			name = Debug;
		};
		89DA117A24AF6C0900496F3C /* Release */ = {
			isa = XCBuildConfiguration;
			baseConfigurationReference = 3255811C51619E8ABFDEA2D3 /* Pods-Reserva.release.xcconfig */;
			buildSettings = {
				ASSETCATALOG_COMPILER_APPICON_NAME = AppIcon;
				CODE_SIGN_STYLE = Automatic;
				FRAMEWORK_SEARCH_PATHS = (
					"$(inherited)",
					"$(PROJECT_DIR)/Reserva",
				);
				INFOPLIST_FILE = Reserva/Info.plist;
				LD_RUNPATH_SEARCH_PATHS = (
					"$(inherited)",
					"@executable_path/Frameworks",
				);
				PRODUCT_BUNDLE_IDENTIFIER = "org.pascalinc.Reserva-iOS";
				PRODUCT_NAME = "$(TARGET_NAME)";
				SWIFT_VERSION = 5.0;
				TARGETED_DEVICE_FAMILY = "1,2";
			};
			name = Release;
		};
/* End XCBuildConfiguration section */

/* Begin XCConfigurationList section */
		89DA115F24AF6C0400496F3C /* Build configuration list for PBXProject "Reserva" */ = {
			isa = XCConfigurationList;
			buildConfigurations = (
				89DA117624AF6C0900496F3C /* Debug */,
				89DA117724AF6C0900496F3C /* Release */,
			);
			defaultConfigurationIsVisible = 0;
			defaultConfigurationName = Release;
		};
		89DA117824AF6C0900496F3C /* Build configuration list for PBXNativeTarget "Reserva" */ = {
			isa = XCConfigurationList;
			buildConfigurations = (
				89DA117924AF6C0900496F3C /* Debug */,
				89DA117A24AF6C0900496F3C /* Release */,
			);
			defaultConfigurationIsVisible = 0;
			defaultConfigurationName = Release;
		};
/* End XCConfigurationList section */
	};
	rootObject = 89DA115C24AF6C0400496F3C /* Project object */;
}
